
Microsoft Visual Studio Solution File, Format Version 12.00
# Visual Studio 2015
Project("{FAE04EC0-301F-11D3-BF4B-00C04F79EFBC}") = "Wrath (16-11-03).CSharp.Plugins", "Wrath (16-11-03).CSharp.Plugins.csproj", "{D6A7F9E5-87C9-59B7-6765-D9C6153B8B04}"
EndProject
Project("{FAE04EC0-301F-11D3-BF4B-00C04F79EFBC}") = "Wrath (16-11-03).CSharp", "Wrath (16-11-03).CSharp.csproj", "{604EEC45-66D4-A1E1-8464-D9E2E9787588}"
EndProject
Project("{FAE04EC0-301F-11D3-BF4B-00C04F79EFBC}") = "Wrath (16-11-03).CSharp.Editor", "Wrath (16-11-03).CSharp.Editor.csproj", "{1603595A-AF67-6A7E-83FD-335A14AF3946}"
EndProject
Global
	GlobalSection(SolutionConfigurationPlatforms) = preSolution
		Debug|Any CPU = Debug|Any CPU
		Release|Any CPU = Release|Any CPU
	EndGlobalSection
	GlobalSection(ProjectConfigurationPlatforms) = postSolution
		{D6A7F9E5-87C9-59B7-6765-D9C6153B8B04}.Debug|Any CPU.ActiveCfg = Debug|Any CPU
		{D6A7F9E5-87C9-59B7-6765-D9C6153B8B04}.Debug|Any CPU.Build.0 = Debug|Any CPU
		{D6A7F9E5-87C9-59B7-6765-D9C6153B8B04}.Release|Any CPU.ActiveCfg = Release|Any CPU
		{D6A7F9E5-87C9-59B7-6765-D9C6153B8B04}.Release|Any CPU.Build.0 = Release|Any CPU
		{604EEC45-66D4-A1E1-8464-D9E2E9787588}.Debug|Any CPU.ActiveCfg = Debug|Any CPU
		{604EEC45-66D4-A1E1-8464-D9E2E9787588}.Debug|Any CPU.Build.0 = Debug|Any CPU
		{604EEC45-66D4-A1E1-8464-D9E2E9787588}.Release|Any CPU.ActiveCfg = Release|Any CPU
		{604EEC45-66D4-A1E1-8464-D9E2E9787588}.Release|Any CPU.Build.0 = Release|Any CPU
		{1603595A-AF67-6A7E-83FD-335A14AF3946}.Debug|Any CPU.ActiveCfg = Debug|Any CPU
		{1603595A-AF67-6A7E-83FD-335A14AF3946}.Debug|Any CPU.Build.0 = Debug|Any CPU
		{1603595A-AF67-6A7E-83FD-335A14AF3946}.Release|Any CPU.ActiveCfg = Release|Any CPU
		{1603595A-AF67-6A7E-83FD-335A14AF3946}.Release|Any CPU.Build.0 = Release|Any CPU
	EndGlobalSection
	GlobalSection(SolutionProperties) = preSolution
		HideSolutionNode = FALSE
	EndGlobalSection
EndGlobal
